// !$*UTF8*$!
{
	archiveVersion = 1;
	classes = {
	};
	objectVersion = 56;
	objects = {

/* Begin PBXBuildFile section */
		111111111111111111111101 /* App.swift in Sources */ = {isa = PBXBuildFile; fileRef = 111111111111111111111001 /* App.swift */; };
		111111111111111111111102 /* HealthKitManager.swift in Sources */ = {isa = PBXBuildFile; fileRef = 111111111111111111111002 /* HealthKitManager.swift */; };
		111111111111111111111103 /* Schema.swift in Sources */ = {isa = PBXBuildFile; fileRef = 111111111111111111111003 /* Schema.swift */; };
		111111111111111111111104 /* SyncEngine.swift in Sources */ = {isa = PBXBuildFile; fileRef = 111111111111111111111004 /* SyncEngine.swift */; };
		111111111111111111111105 /* TransportManager.swift in Sources */ = {isa = PBXBuildFile; fileRef = 111111111111111111111005 /* TransportManager.swift */; };
		111111111111111111111106 /* HealthKit.framework in Frameworks */ = {isa = PBXBuildFile; fileRef = 111111111111111111111006 /* HealthKit.framework */; };
		111111111111111111111107 /* WebKit.framework in Frameworks */ = {isa = PBXBuildFile; fileRef = 111111111111111111111007 /* WebKit.framework */; };
		111111111111111111111108 /* Security.framework in Frameworks */ = {isa = PBXBuildFile; fileRef = 111111111111111111111008 /* Security.framework */; };
		7536C5162FEF89C2004DFD3C /* Vitalsync.icon in Resources */ = {isa = PBXBuildFile; fileRef = 7536C5142FEF89C2004DFD3C /* Vitalsync.icon */; };
		7536C5182FEF8B2B004DFD3C /* Assets.xcassets in Resources */ = {isa = PBXBuildFile; fileRef = 7536C5172FEF8B2B004DFD3C /* Assets.xcassets */; };
/* End PBXBuildFile section */

/* Begin PBXFileReference section */
		111111111111111111111001 /* App.swift */ = {isa = PBXFileReference; lastKnownFileType = sourcecode.swift; path = App.swift; sourceTree = "<group>"; };
		111111111111111111111002 /* HealthKitManager.swift */ = {isa = PBXFileReference; lastKnownFileType = sourcecode.swift; path = HealthKitManager.swift; sourceTree = "<group>"; };
		111111111111111111111003 /* Schema.swift */ = {isa = PBXFileReference; lastKnownFileType = sourcecode.swift; path = Schema.swift; sourceTree = "<group>"; };
		111111111111111111111004 /* SyncEngine.swift */ = {isa = PBXFileReference; lastKnownFileType = sourcecode.swift; path = SyncEngine.swift; sourceTree = "<group>"; };
		111111111111111111111005 /* TransportManager.swift */ = {isa = PBXFileReference; lastKnownFileType = sourcecode.swift; path = TransportManager.swift; sourceTree = "<group>"; };
		111111111111111111111006 /* HealthKit.framework */ = {isa = PBXFileReference; lastKnownFileType = wrapper.framework; name = HealthKit.framework; path = System/Library/Frameworks/HealthKit.framework; sourceTree = SDKROOT; };
		111111111111111111111007 /* WebKit.framework */ = {isa = PBXFileReference; lastKnownFileType = wrapper.framework; name = WebKit.framework; path = System/Library/Frameworks/WebKit.framework; sourceTree = SDKROOT; };
		111111111111111111111008 /* Security.framework */ = {isa = PBXFileReference; lastKnownFileType = wrapper.framework; name = Security.framework; path = System/Library/Frameworks/Security.framework; sourceTree = SDKROOT; };
		111111111111111111111009 /* Info.plist */ = {isa = PBXFileReference; lastKnownFileType = text.plist.xml; path = Info.plist; sourceTree = "<group>"; };
		111111111111111111111010 /* Vitalsync.entitlements */ = {isa = PBXFileReference; lastKnownFileType = text.plist.entitlements; path = Vitalsync.entitlements; sourceTree = "<group>"; };
		111111111111111111111011 /* Signing.xcconfig */ = {isa = PBXFileReference; lastKnownFileType = text.xcconfig; path = Signing.xcconfig; sourceTree = "<group>"; };
		111111111111111111111012 /* Vitalsync.app */ = {isa = PBXFileReference; explicitFileType = wrapper.application; includeInIndex = 0; path = Vitalsync.app; sourceTree = BUILT_PRODUCTS_DIR; };
		7536C5142FEF89C2004DFD3C /* Vitalsync.icon */ = {isa = PBXFileReference; lastKnownFileType = folder.iconcomposer.icon; path = Vitalsync.icon; sourceTree = "<group>"; };
		7536C5172FEF8B2B004DFD3C /* Assets.xcassets */ = {isa = PBXFileReference; lastKnownFileType = folder.assetcatalog; path = Assets.xcassets; sourceTree = "<group>"; };
/* End PBXFileReference section */

/* Begin PBXFrameworksBuildPhase section */
		111111111111111111111201 /* Frameworks */ = {
			isa = PBXFrameworksBuildPhase;
			buildActionMask = 2147483647;
			files = (
				111111111111111111111106 /* HealthKit.framework in Frameworks */,
				111111111111111111111107 /* WebKit.framework in Frameworks */,
				111111111111111111111108 /* Security.framework in Frameworks */,
			);
			runOnlyForDeploymentPostprocessing = 0;
		};
/* End PBXFrameworksBuildPhase section */

/* Begin PBXGroup section */
		111111111111111111111301 = {
			isa = PBXGroup;
			children = (
				111111111111111111111302 /* Vitalsync */,
				111111111111111111111305 /* Configuration */,
				111111111111111111111306 /* Frameworks */,
				111111111111111111111307 /* Products */,
			);
			sourceTree = "<group>";
		};
		111111111111111111111302 /* Vitalsync */ = {
			isa = PBXGroup;
			children = (
				7536C5152FEF89C2004DFD3C /* Resources */,
				111111111111111111111303 /* Sources */,
				111111111111111111111304 /* SupportingFiles */,
			);
			path = Vitalsync;
			sourceTree = "<group>";
		};
		111111111111111111111303 /* Sources */ = {
			isa = PBXGroup;
			children = (
				111111111111111111111001 /* App.swift */,
				111111111111111111111002 /* HealthKitManager.swift */,
				111111111111111111111003 /* Schema.swift */,
				111111111111111111111004 /* SyncEngine.swift */,
				111111111111111111111005 /* TransportManager.swift */,
			);
			path = Sources;
			sourceTree = "<group>";
		};
		111111111111111111111304 /* SupportingFiles */ = {
			isa = PBXGroup;
			children = (
				111111111111111111111009 /* Info.plist */,
				111111111111111111111010 /* Vitalsync.entitlements */,
			);
			path = SupportingFiles;
			sourceTree = "<group>";
		};
		111111111111111111111305 /* Configuration */ = {
			isa = PBXGroup;
			children = (
				111111111111111111111011 /* Signing.xcconfig */,
			);
			path = Configuration;
			sourceTree = "<group>";
		};
		111111111111111111111306 /* Frameworks */ = {
			isa = PBXGroup;
			children = (
				111111111111111111111006 /* HealthKit.framework */,
				111111111111111111111007 /* WebKit.framework */,
				111111111111111111111008 /* Security.framework */,
			);
			name = Frameworks;
			sourceTree = "<group>";
		};
		111111111111111111111307 /* Products */ = {
			isa = PBXGroup;
			children = (
				111111111111111111111012 /* Vitalsync.app */,
			);
			name = Products;
			sourceTree = "<group>";
		};
		7536C5152FEF89C2004DFD3C /* Resources */ = {
			isa = PBXGroup;
			children = (
				7536C5142FEF89C2004DFD3C /* Vitalsync.icon */,
				7536C5172FEF8B2B004DFD3C /* Assets.xcassets */,
			);
			path = Resources;
			sourceTree = "<group>";
		};
/* End PBXGroup section */

/* Begin PBXNativeTarget section */
		111111111111111111111401 /* Vitalsync */ = {
			isa = PBXNativeTarget;
			buildConfigurationList = 111111111111111111111701 /* Build configuration list for PBXNativeTarget "Vitalsync" */;
			buildPhases = (
				111111111111111111111501 /* Sources */,
				111111111111111111111201 /* Frameworks */,
				111111111111111111111502 /* Resources */,
			);
			buildRules = (
			);
			dependencies = (
			);
			name = Vitalsync;
			productName = Vitalsync;
			productReference = 111111111111111111111012 /* Vitalsync.app */;
			productType = "com.apple.product-type.application";
		};
/* End PBXNativeTarget section */

/* Begin PBXProject section */
		111111111111111111111601 /* Project object */ = {
			isa = PBXProject;
			attributes = {
				BuildIndependentTargetsInParallel = 1;
				LastSwiftUpdateCheck = 1600;
				LastUpgradeCheck = 2660;
				TargetAttributes = {
					111111111111111111111401 = {
						CreatedOnToolsVersion = 16.0;
					};
				};
			};
			buildConfigurationList = 111111111111111111111702 /* Build configuration list for PBXProject "Vitalsync" */;
			compatibilityVersion = "Xcode 14.0";
			developmentRegion = en;
			hasScannedForEncodings = 0;
			knownRegions = (
				en,
				Base,
			);
			mainGroup = 111111111111111111111301;
			productRefGroup = 111111111111111111111307 /* Products */;
			projectDirPath = "";
			projectRoot = "";
			targets = (
				111111111111111111111401 /* Vitalsync */,
			);
		};
/* End PBXProject section */

/* Begin PBXResourcesBuildPhase section */
		111111111111111111111502 /* Resources */ = {
			isa = PBXResourcesBuildPhase;
			buildActionMask = 2147483647;
			files = (
				7536C5182FEF8B2B004DFD3C /* Assets.xcassets in Resources */,
				7536C5162FEF89C2004DFD3C /* Vitalsync.icon in Resources */,
			);
			runOnlyForDeploymentPostprocessing = 0;
		};
/* End PBXResourcesBuildPhase section */

/* Begin PBXSourcesBuildPhase section */
		111111111111111111111501 /* Sources */ = {
			isa = PBXSourcesBuildPhase;
			buildActionMask = 2147483647;
			files = (
				111111111111111111111101 /* App.swift in Sources */,
				111111111111111111111102 /* HealthKitManager.swift in Sources */,
				111111111111111111111103 /* Schema.swift in Sources */,
				111111111111111111111104 /* SyncEngine.swift in Sources */,
				111111111111111111111105 /* TransportManager.swift in Sources */,
			);
			runOnlyForDeploymentPostprocessing = 0;
		};
/* End PBXSourcesBuildPhase section */

/* Begin XCBuildConfiguration section */
		111111111111111111111801 /* Debug */ = {
			isa = XCBuildConfiguration;
			buildSettings = {
				ALWAYS_SEARCH_USER_PATHS = NO;
				ASSETCATALOG_COMPILER_GENERATE_SWIFT_ASSET_SYMBOL_EXTENSIONS = YES;
				CLANG_ANALYZER_NONNULL = YES;
				CLANG_ANALYZER_NUMBER_OBJECT_CONVERSION = YES_AGGRESSIVE;
				CLANG_CXX_LANGUAGE_STANDARD = "gnu++20";
				CLANG_ENABLE_MODULES = YES;
				CLANG_ENABLE_OBJC_ARC = YES;
				CLANG_ENABLE_OBJC_WEAK = YES;
				CLANG_WARN_BLOCK_CAPTURE_AUTORELEASING = YES;
				CLANG_WARN_BOOL_CONVERSION = YES;
				CLANG_WARN_COMMA = YES;
				CLANG_WARN_CONSTANT_CONVERSION = YES;
				CLANG_WARN_DEPRECATED_OBJC_IMPLEMENTATIONS = YES;
				CLANG_WARN_DIRECT_OBJC_ISA_USAGE = YES_ERROR;
				CLANG_WARN_DOCUMENTATION_COMMENTS = YES;
				CLANG_WARN_EMPTY_BODY = YES;
				CLANG_WARN_ENUM_CONVERSION = YES;
				CLANG_WARN_INFINITE_RECURSION = YES;
				CLANG_WARN_INT_CONVERSION = YES;
				CLANG_WARN_NON_LITERAL_NULL_CONVERSION = YES;
				CLANG_WARN_OBJC_IMPLICIT_RETAIN_SELF = YES;
				CLANG_WARN_OBJC_LITERAL_CONVERSION = YES;
				CLANG_WARN_OBJC_ROOT_CLASS = YES_ERROR;
				CLANG_WARN_QUOTED_INCLUDE_IN_FRAMEWORK_HEADER = YES;
				CLANG_WARN_RANGE_LOOP_ANALYSIS = YES;
				CLANG_WARN_STRICT_PROTOTYPES = YES;
				CLANG_WARN_SUSPICIOUS_MOVE = YES;
				CLANG_WARN_UNGUARDED_AVAILABILITY = YES_AGGRESSIVE;
				CLANG_WARN_UNREACHABLE_CODE = YES;
				CLANG_WARN__DUPLICATE_METHOD_MATCH = YES;
				COPY_PHASE_STRIP = NO;
				DEBUG_INFORMATION_FORMAT = dwarf;
				ENABLE_STRICT_OBJC_MSGSEND = YES;
				ENABLE_TESTABILITY = YES;
				ENABLE_USER_SCRIPT_SANDBOXING = YES;
				GCC_C_LANGUAGE_STANDARD = gnu17;
				GCC_DYNAMIC_NO_PIC = NO;
				GCC_NO_COMMON_BLOCKS = YES;
				GCC_OPTIMIZATION_LEVEL = 0;
				GCC_PREPROCESSOR_DEFINITIONS = (
					"DEBUG=1",
					"$(inherited)",
				);
				GCC_WARN_64_TO_32_BIT_CONVERSION = YES;
				GCC_WARN_ABOUT_RETURN_TYPE = YES_ERROR;
				GCC_WARN_UNDECLARED_SELECTOR = YES;
				GCC_WARN_UNINITIALIZED_AUTOS = YES_AGGRESSIVE;
				GCC_WARN_UNUSED_FUNCTION = YES;
				GCC_WARN_UNUSED_VARIABLE = YES;
				IPHONEOS_DEPLOYMENT_TARGET = 17.0;
				MTL_ENABLE_DEBUG_INFO = INCLUDE_SOURCE;
				MTL_FAST_MATH = YES;
				ONLY_ACTIVE_ARCH = YES;
				SDKROOT = iphoneos;
				STRING_CATALOG_GENERATE_SYMBOLS = YES;
				SWIFT_ACTIVE_COMPILATION_CONDITIONS = DEBUG;
				SWIFT_OPTIMIZATION_LEVEL = "-Onone";
			};
			name = Debug;
		};
		111111111111111111111802 /* Release */ = {
			isa = XCBuildConfiguration;
			buildSettings = {
				ALWAYS_SEARCH_USER_PATHS = NO;
				ASSETCATALOG_COMPILER_GENERATE_SWIFT_ASSET_SYMBOL_EXTENSIONS = YES;
				CLANG_ANALYZER_NONNULL = YES;
				CLANG_ANALYZER_NUMBER_OBJECT_CONVERSION = YES_AGGRESSIVE;
				CLANG_CXX_LANGUAGE_STANDARD = "gnu++20";
				CLANG_ENABLE_MODULES = YES;
				CLANG_ENABLE_OBJC_ARC = YES;
				CLANG_ENABLE_OBJC_WEAK = YES;
				CLANG_WARN_BLOCK_CAPTURE_AUTORELEASING = YES;
				CLANG_WARN_BOOL_CONVERSION = YES;
				CLANG_WARN_COMMA = YES;
				CLANG_WARN_CONSTANT_CONVERSION = YES;
				CLANG_WARN_DEPRECATED_OBJC_IMPLEMENTATIONS = YES;
				CLANG_WARN_DIRECT_OBJC_ISA_USAGE = YES_ERROR;
				CLANG_WARN_DOCUMENTATION_COMMENTS = YES;
				CLANG_WARN_EMPTY_BODY = YES;
				CLANG_WARN_ENUM_CONVERSION = YES;
				CLANG_WARN_INFINITE_RECURSION = YES;
				CLANG_WARN_INT_CONVERSION = YES;
				CLANG_WARN_NON_LITERAL_NULL_CONVERSION = YES;
				CLANG_WARN_OBJC_IMPLICIT_RETAIN_SELF = YES;
				CLANG_WARN_OBJC_LITERAL_CONVERSION = YES;
				CLANG_WARN_OBJC_ROOT_CLASS = YES_ERROR;
				CLANG_WARN_QUOTED_INCLUDE_IN_FRAMEWORK_HEADER = YES;
				CLANG_WARN_RANGE_LOOP_ANALYSIS = YES;
				CLANG_WARN_STRICT_PROTOTYPES = YES;
				CLANG_WARN_SUSPICIOUS_MOVE = YES;
				CLANG_WARN_UNGUARDED_AVAILABILITY = YES_AGGRESSIVE;
				CLANG_WARN_UNREACHABLE_CODE = YES;
				CLANG_WARN__DUPLICATE_METHOD_MATCH = YES;
				COPY_PHASE_STRIP = NO;
				DEBUG_INFORMATION_FORMAT = "dwarf-with-dsym";
				ENABLE_NS_ASSERTIONS = NO;
				ENABLE_STRICT_OBJC_MSGSEND = YES;
				ENABLE_USER_SCRIPT_SANDBOXING = YES;
				GCC_C_LANGUAGE_STANDARD = gnu17;
				GCC_NO_COMMON_BLOCKS = YES;
				GCC_WARN_64_TO_32_BIT_CONVERSION = YES;
				GCC_WARN_ABOUT_RETURN_TYPE = YES_ERROR;
				GCC_WARN_UNDECLARED_SELECTOR = YES;
				GCC_WARN_UNINITIALIZED_AUTOS = YES_AGGRESSIVE;
				GCC_WARN_UNUSED_FUNCTION = YES;
				GCC_WARN_UNUSED_VARIABLE = YES;
				IPHONEOS_DEPLOYMENT_TARGET = 17.0;
				MTL_ENABLE_DEBUG_INFO = NO;
				MTL_FAST_MATH = YES;
				SDKROOT = iphoneos;
				STRING_CATALOG_GENERATE_SYMBOLS = YES;
				SWIFT_COMPILATION_MODE = wholemodule;
				VALIDATE_PRODUCT = YES;
			};
			name = Release;
		};
		111111111111111111111803 /* Debug */ = {
			isa = XCBuildConfiguration;
			baseConfigurationReference = 111111111111111111111011 /* Signing.xcconfig */;
			buildSettings = {
				ASSETCATALOG_COMPILER_APPICON_NAME = Vitalsync;
				ASSETCATALOG_COMPILER_GLOBAL_ACCENT_COLOR_NAME = AccentColor;
				ASSETCATALOG_COMPILER_INCLUDE_ALL_APPICON_ASSETS = NO;
				CODE_SIGN_ENTITLEMENTS = Vitalsync/SupportingFiles/Vitalsync.entitlements;
				CODE_SIGN_IDENTITY = "Apple Development";
				CODE_SIGN_STYLE = Automatic;
				CURRENT_PROJECT_VERSION = 2;
				DEVELOPMENT_ASSET_PATHS = "";
				DEVELOPMENT_TEAM = P9NNK9K5UL;
				ENABLE_PREVIEWS = YES;
				GENERATE_INFOPLIST_FILE = NO;
				INFOPLIST_FILE = Vitalsync/SupportingFiles/Info.plist;
				INFOPLIST_KEY_CFBundleDisplayName = Vitalsync;
				INFOPLIST_KEY_LSApplicationCategoryType = "public.app-category.healthcare-fitness";
				LD_RUNPATH_SEARCH_PATHS = (
					"$(inherited)",
					"@executable_path/Frameworks",
				);
				MARKETING_VERSION = 0.2.0;
				PRODUCT_NAME = Vitalsync;
				PROVISIONING_PROFILE_SPECIFIER = "";
				SUPPORTED_PLATFORMS = "iphoneos iphonesimulator";
				SUPPORTS_MACCATALYST = NO;
				SUPPORTS_MAC_DESIGNED_FOR_IPHONE_IPAD = NO;
				SUPPORTS_XR_DESIGNED_FOR_IPHONE_IPAD = NO;
				SWIFT_EMIT_LOC_STRINGS = YES;
				SWIFT_VERSION = 5.0;
				TARGETED_DEVICE_FAMILY = 1;
			};
			name = Debug;
		};
		111111111111111111111804 /* Release */ = {
			isa = XCBuildConfiguration;
			baseConfigurationReference = 111111111111111111111011 /* Signing.xcconfig */;
			buildSettings = {
				ASSETCATALOG_COMPILER_APPICON_NAME = Vitalsync;
				ASSETCATALOG_COMPILER_GLOBAL_ACCENT_COLOR_NAME = AccentColor;
				ASSETCATALOG_COMPILER_INCLUDE_ALL_APPICON_ASSETS = NO;
				CODE_SIGN_ENTITLEMENTS = Vitalsync/SupportingFiles/Vitalsync.entitlements;
				CODE_SIGN_IDENTITY = "Apple Development";
				CODE_SIGN_STYLE = Automatic;
				CURRENT_PROJECT_VERSION = 2;
				DEVELOPMENT_ASSET_PATHS = "";
				DEVELOPMENT_TEAM = P9NNK9K5UL;
				ENABLE_PREVIEWS = YES;
				GENERATE_INFOPLIST_FILE = NO;
				INFOPLIST_FILE = Vitalsync/SupportingFiles/Info.plist;
				INFOPLIST_KEY_CFBundleDisplayName = Vitalsync;
				INFOPLIST_KEY_LSApplicationCategoryType = "public.app-category.healthcare-fitness";
				LD_RUNPATH_SEARCH_PATHS = (
					"$(inherited)",
					"@executable_path/Frameworks",
				);
				MARKETING_VERSION = 0.2.0;
				PRODUCT_NAME = Vitalsync;
				PROVISIONING_PROFILE_SPECIFIER = "";
				SUPPORTED_PLATFORMS = "iphoneos iphonesimulator";
				SUPPORTS_MACCATALYST = NO;
				SUPPORTS_MAC_DESIGNED_FOR_IPHONE_IPAD = NO;
				SUPPORTS_XR_DESIGNED_FOR_IPHONE_IPAD = NO;
				SWIFT_EMIT_LOC_STRINGS = YES;
				SWIFT_VERSION = 5.0;
				TARGETED_DEVICE_FAMILY = 1;
			};
			name = Release;
		};
/* End XCBuildConfiguration section */

/* Begin XCConfigurationList section */
		111111111111111111111701 /* Build configuration list for PBXNativeTarget "Vitalsync" */ = {
			isa = XCConfigurationList;
			buildConfigurations = (
				111111111111111111111803 /* Debug */,
				111111111111111111111804 /* Release */,
			);
			defaultConfigurationIsVisible = 0;
			defaultConfigurationName = Release;
		};
		111111111111111111111702 /* Build configuration list for PBXProject "Vitalsync" */ = {
			isa = XCConfigurationList;
			buildConfigurations = (
				111111111111111111111801 /* Debug */,
				111111111111111111111802 /* Release */,
			);
			defaultConfigurationIsVisible = 0;
			defaultConfigurationName = Release;
		};
/* End XCConfigurationList section */
	};
	rootObject = 111111111111111111111601 /* Project object */;
}
